
Microsoft Visual Studio Solution File, Format Version 12.00
# Visual Studio Version 16
VisualStudioVersion = 16.0.33529.622
MinimumVisualStudioVersion = 10.0.40219.1
Project("{FAE04EC0-301F-11D3-BF4B-00C04F79EFBC}") = "crudstud", "crudstud\crudstud.csproj", "{353EDE2E-CDB7-435B-B5FE-B836A1BF939A}"
EndProject
Global
	GlobalSection(SolutionConfigurationPlatforms) = preSolution
		Debug|Any CPU = Debug|Any CPU
		Release|Any CPU = Release|Any CPU
	EndGlobalSection
	GlobalSection(ProjectConfigurationPlatforms) = postSolution
		{353EDE2E-CDB7-435B-B5FE-B836A1BF939A}.Debug|Any CPU.ActiveCfg = Debug|Any CPU
		{353EDE2E-CDB7-435B-B5FE-B836A1BF939A}.Debug|Any CPU.Build.0 = Debug|Any CPU
		{353EDE2E-CDB7-435B-B5FE-B836A1BF939A}.Release|Any CPU.ActiveCfg = Release|Any CPU
		{353EDE2E-CDB7-435B-B5FE-B836A1BF939A}.Release|Any CPU.Build.0 = Release|Any CPU
	EndGlobalSection
	GlobalSection(SolutionProperties) = preSolution
		HideSolutionNode = FALSE
	EndGlobalSection
	GlobalSection(ExtensibilityGlobals) = postSolution
		SolutionGuid = {D8350874-B79A-4D96-82BA-21C01243230F}
	EndGlobalSection
EndGlobal
